
Microsoft Visual Studio Solution File, Format Version 12.00
# Visual Studio Version 16
VisualStudioVersion = 16.0.30907.101
MinimumVisualStudioVersion = 10.0.40219.1
Project("{FAE04EC0-301F-11D3-BF4B-00C04F79EFBC}") = "Compurent.Web", "Compurent.Web\Compurent.Web.csproj", "{30F4E5A5-72D5-4119-83DC-BE4BBB7B8426}"
EndProject
Project("{FAE04EC0-301F-11D3-BF4B-00C04F79EFBC}") = "Compurent.ADO", "Compurent.ADO\Compurent.ADO.csproj", "{BDDD161B-04E7-4D47-8DF2-E0EC0FF6715D}"
EndProject
Global
	GlobalSection(SolutionConfigurationPlatforms) = preSolution
		Debug|Any CPU = Debug|Any CPU
		Release|Any CPU = Release|Any CPU
	EndGlobalSection
	GlobalSection(ProjectConfigurationPlatforms) = postSolution
		{30F4E5A5-72D5-4119-83DC-BE4BBB7B8426}.Debug|Any CPU.ActiveCfg = Debug|Any CPU
		{30F4E5A5-72D5-4119-83DC-BE4BBB7B8426}.Debug|Any CPU.Build.0 = Debug|Any CPU
		{30F4E5A5-72D5-4119-83DC-BE4BBB7B8426}.Release|Any CPU.ActiveCfg = Release|Any CPU
		{30F4E5A5-72D5-4119-83DC-BE4BBB7B8426}.Release|Any CPU.Build.0 = Release|Any CPU
		{BDDD161B-04E7-4D47-8DF2-E0EC0FF6715D}.Debug|Any CPU.ActiveCfg = Debug|Any CPU
		{BDDD161B-04E7-4D47-8DF2-E0EC0FF6715D}.Debug|Any CPU.Build.0 = Debug|Any CPU
		{BDDD161B-04E7-4D47-8DF2-E0EC0FF6715D}.Release|Any CPU.ActiveCfg = Release|Any CPU
		{BDDD161B-04E7-4D47-8DF2-E0EC0FF6715D}.Release|Any CPU.Build.0 = Release|Any CPU
	EndGlobalSection
	GlobalSection(SolutionProperties) = preSolution
		HideSolutionNode = FALSE
	EndGlobalSection
	GlobalSection(ExtensibilityGlobals) = postSolution
		SolutionGuid = {78BE0388-B692-4FE7-84BF-BD412956A518}
	EndGlobalSection
EndGlobal
